
Microsoft Visual Studio Solution File, Format Version 12.00
# Visual Studio Version 17
VisualStudioVersion = 17.2.32630.192
MinimumVisualStudioVersion = 10.0.40219.1
Project("{FAE04EC0-301F-11D3-BF4B-00C04F79EFBC}") = "CashierRestaurant2", "CashierRestaurant2\CashierRestaurant2.csproj", "{789176DE-8932-4A41-A4AF-8ADD0CDF34DD}"
EndProject
Global
	GlobalSection(SolutionConfigurationPlatforms) = preSolution
		Debug|Any CPU = Debug|Any CPU
		Release|Any CPU = Release|Any CPU
	EndGlobalSection
	GlobalSection(ProjectConfigurationPlatforms) = postSolution
		{789176DE-8932-4A41-A4AF-8ADD0CDF34DD}.Debug|Any CPU.ActiveCfg = Debug|Any CPU
		{789176DE-8932-4A41-A4AF-8ADD0CDF34DD}.Debug|Any CPU.Build.0 = Debug|Any CPU
		{789176DE-8932-4A41-A4AF-8ADD0CDF34DD}.Release|Any CPU.ActiveCfg = Release|Any CPU
		{789176DE-8932-4A41-A4AF-8ADD0CDF34DD}.Release|Any CPU.Build.0 = Release|Any CPU
	EndGlobalSection
	GlobalSection(SolutionProperties) = preSolution
		HideSolutionNode = FALSE
	EndGlobalSection
	GlobalSection(ExtensibilityGlobals) = postSolution
		SolutionGuid = {21AE7FA0-2803-445B-926E-829092CFFD01}
	EndGlobalSection
EndGlobal
